
Microsoft Visual Studio Solution File, Format Version 12.00
# Visual Studio Version 16
VisualStudioVersion = 16.0.31005.135
MinimumVisualStudioVersion = 10.0.40219.1
Project("{FAE04EC0-301F-11D3-BF4B-00C04F79EFBC}") = "DelaWeb", "DelaWeb\DelaWeb.csproj", "{70BEC971-2FDA-4C37-BAEE-5BDAB7BE3B4C}"
EndProject
Global
	GlobalSection(SolutionConfigurationPlatforms) = preSolution
		Debug|Any CPU = Debug|Any CPU
		Release|Any CPU = Release|Any CPU
	EndGlobalSection
	GlobalSection(ProjectConfigurationPlatforms) = postSolution
		{70BEC971-2FDA-4C37-BAEE-5BDAB7BE3B4C}.Debug|Any CPU.ActiveCfg = Debug|Any CPU
		{70BEC971-2FDA-4C37-BAEE-5BDAB7BE3B4C}.Debug|Any CPU.Build.0 = Debug|Any CPU
		{70BEC971-2FDA-4C37-BAEE-5BDAB7BE3B4C}.Release|Any CPU.ActiveCfg = Release|Any CPU
		{70BEC971-2FDA-4C37-BAEE-5BDAB7BE3B4C}.Release|Any CPU.Build.0 = Release|Any CPU
	EndGlobalSection
	GlobalSection(SolutionProperties) = preSolution
		HideSolutionNode = FALSE
	EndGlobalSection
	GlobalSection(ExtensibilityGlobals) = postSolution
		SolutionGuid = {99C3163A-8E7B-4B91-A5F0-D139A9741AD5}
	EndGlobalSection
EndGlobal
